
Microsoft Visual Studio Solution File, Format Version 11.00
# Visual Studio 2010
Project("{E24C65DC-7377-472B-9ABA-BC803B73C61A}") = "digiozdotnetguestbook", ".", "{E59DC444-440D-4D37-829A-980A12AF7462}"
	ProjectSection(WebsiteProperties) = preProject
		TargetFrameworkMoniker = ".NETFramework,Version%3Dv3.5"
		Debug.AspNetCompiler.VirtualPath = "/digiozdotnetguestbook"
		Debug.AspNetCompiler.PhysicalPath = "..\digiozdotnetguestbook\"
		Debug.AspNetCompiler.TargetPath = "PrecompiledWeb\digiozdotnetguestbook\"
		Debug.AspNetCompiler.Updateable = "true"
		Debug.AspNetCompiler.ForceOverwrite = "true"
		Debug.AspNetCompiler.FixedNames = "false"
		Debug.AspNetCompiler.Debug = "True"
		Release.AspNetCompiler.VirtualPath = "/digiozdotnetguestbook"
		Release.AspNetCompiler.PhysicalPath = "..\digiozdotnetguestbook\"
		Release.AspNetCompiler.TargetPath = "PrecompiledWeb\digiozdotnetguestbook\"
		Release.AspNetCompiler.Updateable = "true"
		Release.AspNetCompiler.ForceOverwrite = "true"
		Release.AspNetCompiler.FixedNames = "false"
		Release.AspNetCompiler.Debug = "False"
		VWDPort = "11312"
	EndProjectSection
EndProject
Global
	GlobalSection(SolutionConfigurationPlatforms) = preSolution
		Debug|Any CPU = Debug|Any CPU
	EndGlobalSection
	GlobalSection(ProjectConfigurationPlatforms) = postSolution
		{E59DC444-440D-4D37-829A-980A12AF7462}.Debug|Any CPU.ActiveCfg = Debug|Any CPU
		{E59DC444-440D-4D37-829A-980A12AF7462}.Debug|Any CPU.Build.0 = Debug|Any CPU
	EndGlobalSection
	GlobalSection(SolutionProperties) = preSolution
		HideSolutionNode = FALSE
	EndGlobalSection
EndGlobal
